<?xml version="1.0" encoding="utf-8"?>
<Project ToolsVersion="4.0" xmlns="http://schemas.microsoft.com/developer/msbuild/2003">
  <ItemGroup>
    <Filter Include="源文件">
      <UniqueIdentifier>{4FC737F1-C7A5-4376-A066-2A32D752A2FF}</UniqueIdentifier>
      <Extensions>cpp;c;cc;cxx;c++;cppm;ixx;def;odl;idl;hpj;bat;asm;asmx</Extensions>
    </Filter>
    <Filter Include="头文件">
      <UniqueIdentifier>{93995380-89BD-4b04-88EB-625FBE52EBFB}</UniqueIdentifier>
      <Extensions>h;hh;hpp;hxx;h++;hm;inl;inc;ipp;xsd</Extensions>
    </Filter>
    <Filter Include="资源文件">
      <UniqueIdentifier>{67DA6AB6-F800-4c08-8B7A-83BB121AAD01}</UniqueIdentifier>
      <Extensions>rc;ico;cur;bmp;dlg;rc2;rct;bin;rgs;gif;jpg;jpeg;jpe;resx;tiff;tif;png;wav;mfcribbon-ms</Extensions>
    </Filter>
    <Filter Include="头文件\scene">
      <UniqueIdentifier>{ab311df9-067a-4b0a-a179-7fbffa43f793}</UniqueIdentifier>
    </Filter>
    <Filter Include="头文件\utils">
      <UniqueIdentifier>{890b0cac-6d7a-46ad-8669-fb262f64ab15}</UniqueIdentifier>
    </Filter>
    <Filter Include="头文件\resource">
      <UniqueIdentifier>{559802ca-b7b5-4b9a-addb-1d4811406b1d}</UniqueIdentifier>
    </Filter>
    <Filter Include="头文件\animation">
      <UniqueIdentifier>{f8507ad5-e734-49f2-a3ec-b11936d49710}</UniqueIdentifier>
    </Filter>
    <Filter Include="头文件\camera">
      <UniqueIdentifier>{9f96c8d4-7b8d-4745-b02e-c8ad135bf7d2}</UniqueIdentifier>
    </Filter>
    <Filter Include="头文件\player">
      <UniqueIdentifier>{175f6f0c-e3a2-4f64-a916-b05b2e3c1659}</UniqueIdentifier>
    </Filter>
    <Filter Include="头文件\gameObject">
      <UniqueIdentifier>{4b3d4513-648e-413b-8e22-b047ba0b4c92}</UniqueIdentifier>
    </Filter>
    <Filter Include="头文件\stage">
      <UniqueIdentifier>{3c53f972-c087-4044-856d-97c064b3cf33}</UniqueIdentifier>
    </Filter>
  </ItemGroup>
  <ItemGroup>
    <ClCompile Include="GameMain.cpp">
      <Filter>源文件</Filter>
    </ClCompile>
  </ItemGroup>
  <ItemGroup>
    <ClInclude Include="GameScene.h">
      <Filter>头文件\scene</Filter>
    </ClInclude>
    <ClInclude Include="MenuScene.h">
      <Filter>头文件\scene</Filter>
    </ClInclude>
    <ClInclude Include="Scene.h">
      <Filter>头文件\scene</Filter>
    </ClInclude>
    <ClInclude Include="GameSceneEnums.h">
      <Filter>头文件\scene</Filter>
    </ClInclude>
    <ClInclude Include="SelectorScene.h">
      <Filter>头文件\scene</Filter>
    </ClInclude>
    <ClInclude Include="OverScene.h">
      <Filter>头文件\scene</Filter>
    </ClInclude>
    <ClInclude Include="SceneManager.h">
      <Filter>头文件\scene</Filter>
    </ClInclude>
    <ClInclude Include="Atlas.h">
      <Filter>头文件\resource</Filter>
    </ClInclude>
    <ClInclude Include="ImgUtils.h">
      <Filter>头文件\utils</Filter>
    </ClInclude>
    <ClInclude Include="AtlasUtils.h">
      <Filter>头文件\utils</Filter>
    </ClInclude>
    <ClInclude Include="loadResource.h">
      <Filter>头文件\resource</Filter>
    </ClInclude>
    <ClInclude Include="Animation.h">
      <Filter>头文件\animation</Filter>
    </ClInclude>
    <ClInclude Include="Camera.h">
      <Filter>头文件\camera</Filter>
    </ClInclude>
    <ClInclude Include="vector2d.h">
      <Filter>头文件\utils</Filter>
    </ClInclude>
    <ClInclude Include="timer.h">
      <Filter>头文件\utils</Filter>
    </ClInclude>
    <ClInclude Include="resource.h">
      <Filter>头文件</Filter>
    </ClInclude>
    <ClInclude Include="PlayerTypeEnums.h">
      <Filter>头文件\player</Filter>
    </ClInclude>
    <ClInclude Include="AudioUtils.h">
      <Filter>头文件\utils</Filter>
    </ClInclude>
    <ClInclude Include="Path.h">
      <Filter>头文件\gameObject</Filter>
    </ClInclude>
    <ClInclude Include="Player.h">
      <Filter>头文件\player</Filter>
    </ClInclude>
    <ClInclude Include="Stage.h">
      <Filter>头文件\stage</Filter>
    </ClInclude>
    <ClInclude Include="StringUtils.h">
      <Filter>头文件\utils</Filter>
    </ClInclude>
  </ItemGroup>
</Project>